// !$*UTF8*$!
{
	archiveVersion = 1;
	classes = {
	};
	objectVersion = 56;
	objects = {

/* Begin PBXBuildFile section */
		DC0B947129B0F8D300D3FB2B /* ListStepsCheckMark.swift in Sources */ = {isa = PBXBuildFile; fileRef = DC0B947029B0F8D300D3FB2B /* ListStepsCheckMark.swift */; };
		DC0B947229B119F000D3FB2B /* BarTitleView.swift in Sources */ = {isa = PBXBuildFile; fileRef = DCCC9D832967304700B79F5E /* BarTitleView.swift */; };
		DC0B947329B119F100D3FB2B /* BarTitleView.swift in Sources */ = {isa = PBXBuildFile; fileRef = DCCC9D832967304700B79F5E /* BarTitleView.swift */; };
		DC112A6D29AFAEF1004FD498 /* ToDo_listTestsUnits.swift in Sources */ = {isa = PBXBuildFile; fileRef = DC112A6C29AFAEF1004FD498 /* ToDo_listTestsUnits.swift */; };
		DC112A7A29AFAF05004FD498 /* ToDo_listUITests.swift in Sources */ = {isa = PBXBuildFile; fileRef = DC112A7929AFAF05004FD498 /* ToDo_listUITests.swift */; };
		DC112A7C29AFAF05004FD498 /* ToDo_listUITestsLaunchTests.swift in Sources */ = {isa = PBXBuildFile; fileRef = DC112A7B29AFAF05004FD498 /* ToDo_listUITestsLaunchTests.swift */; };
		DC853DD1296552D000FB1F30 /* AddNoteView.swift in Sources */ = {isa = PBXBuildFile; fileRef = DC853DD0296552D000FB1F30 /* AddNoteView.swift */; };
		DC853DD42965535000FB1F30 /* NoteVM.swift in Sources */ = {isa = PBXBuildFile; fileRef = DC853DD32965535000FB1F30 /* NoteVM.swift */; };
		DC853DD92965C11200FB1F30 /* NotificationManager.swift in Sources */ = {isa = PBXBuildFile; fileRef = DC853DD82965C11200FB1F30 /* NotificationManager.swift */; };
		DC853DDB2965C14200FB1F30 /* NotificationHelper.swift in Sources */ = {isa = PBXBuildFile; fileRef = DC853DDA2965C14200FB1F30 /* NotificationHelper.swift */; };
		DC853DDD2965CE7300FB1F30 /* ModifyView.swift in Sources */ = {isa = PBXBuildFile; fileRef = DC853DDC2965CE7300FB1F30 /* ModifyView.swift */; };
		DC8A242229B21D4300F5DF52 /* Persistence.swift in Sources */ = {isa = PBXBuildFile; fileRef = DCF88BA929648F6C0032292B /* Persistence.swift */; };
		DC8A242329B21D4400F5DF52 /* Persistence.swift in Sources */ = {isa = PBXBuildFile; fileRef = DCF88BA929648F6C0032292B /* Persistence.swift */; };
		DCCC9D7E296725A800B79F5E /* SelectBarView.swift in Sources */ = {isa = PBXBuildFile; fileRef = DCCC9D7D296725A800B79F5E /* SelectBarView.swift */; };
		DCCC9D8229672F9F00B79F5E /* ButtonAdd.swift in Sources */ = {isa = PBXBuildFile; fileRef = DCCC9D8129672F9F00B79F5E /* ButtonAdd.swift */; };
		DCCC9D842967304700B79F5E /* BarTitleView.swift in Sources */ = {isa = PBXBuildFile; fileRef = DCCC9D832967304700B79F5E /* BarTitleView.swift */; };
		DCCC9D862967323000B79F5E /* CardsView.swift in Sources */ = {isa = PBXBuildFile; fileRef = DCCC9D852967323000B79F5E /* CardsView.swift */; };
		DCCC9D882967346300B79F5E /* ListView.swift in Sources */ = {isa = PBXBuildFile; fileRef = DCCC9D872967346300B79F5E /* ListView.swift */; };
		DCF3305E29B2081E008E6019 /* ListCardsView.swift in Sources */ = {isa = PBXBuildFile; fileRef = DCF88BA229648F6C0032292B /* ListCardsView.swift */; };
		DCF3305F29B2081F008E6019 /* ListCardsView.swift in Sources */ = {isa = PBXBuildFile; fileRef = DCF88BA229648F6C0032292B /* ListCardsView.swift */; };
		DCF3306229B20839008E6019 /* ButtonAdd.swift in Sources */ = {isa = PBXBuildFile; fileRef = DCCC9D8129672F9F00B79F5E /* ButtonAdd.swift */; };
		DCF3306329B2083A008E6019 /* ButtonAdd.swift in Sources */ = {isa = PBXBuildFile; fileRef = DCCC9D8129672F9F00B79F5E /* ButtonAdd.swift */; };
		DCF3306429B20840008E6019 /* CardsView.swift in Sources */ = {isa = PBXBuildFile; fileRef = DCCC9D852967323000B79F5E /* CardsView.swift */; };
		DCF3306529B20840008E6019 /* CardsView.swift in Sources */ = {isa = PBXBuildFile; fileRef = DCCC9D852967323000B79F5E /* CardsView.swift */; };
		DCF3306629B20844008E6019 /* ListView.swift in Sources */ = {isa = PBXBuildFile; fileRef = DCCC9D872967346300B79F5E /* ListView.swift */; };
		DCF3306729B20845008E6019 /* ListView.swift in Sources */ = {isa = PBXBuildFile; fileRef = DCCC9D872967346300B79F5E /* ListView.swift */; };
		DCF3306829B20849008E6019 /* DetailNote.swift in Sources */ = {isa = PBXBuildFile; fileRef = DCF88BB32964A0010032292B /* DetailNote.swift */; };
		DCF3306929B20849008E6019 /* DetailNote.swift in Sources */ = {isa = PBXBuildFile; fileRef = DCF88BB32964A0010032292B /* DetailNote.swift */; };
		DCF3306A29B20853008E6019 /* AddNoteView.swift in Sources */ = {isa = PBXBuildFile; fileRef = DC853DD0296552D000FB1F30 /* AddNoteView.swift */; };
		DCF3306B29B20854008E6019 /* AddNoteView.swift in Sources */ = {isa = PBXBuildFile; fileRef = DC853DD0296552D000FB1F30 /* AddNoteView.swift */; };
		DCF3306C29B20891008E6019 /* ModifyView.swift in Sources */ = {isa = PBXBuildFile; fileRef = DC853DDC2965CE7300FB1F30 /* ModifyView.swift */; };
		DCF3306D29B20892008E6019 /* ModifyView.swift in Sources */ = {isa = PBXBuildFile; fileRef = DC853DDC2965CE7300FB1F30 /* ModifyView.swift */; };
		DCF330AB29B20EEE008E6019 /* NotificationManager.swift in Sources */ = {isa = PBXBuildFile; fileRef = DC853DD82965C11200FB1F30 /* NotificationManager.swift */; };
		DCF330AC29B20EEF008E6019 /* NotificationManager.swift in Sources */ = {isa = PBXBuildFile; fileRef = DC853DD82965C11200FB1F30 /* NotificationManager.swift */; };
		DCF330AD29B20EF1008E6019 /* NotificationHelper.swift in Sources */ = {isa = PBXBuildFile; fileRef = DC853DDA2965C14200FB1F30 /* NotificationHelper.swift */; };
		DCF330AE29B20EF2008E6019 /* NotificationHelper.swift in Sources */ = {isa = PBXBuildFile; fileRef = DC853DDA2965C14200FB1F30 /* NotificationHelper.swift */; };
		DCF330AF29B20EF5008E6019 /* ListStepsCheckMark.swift in Sources */ = {isa = PBXBuildFile; fileRef = DC0B947029B0F8D300D3FB2B /* ListStepsCheckMark.swift */; };
		DCF330B029B20EF5008E6019 /* ListStepsCheckMark.swift in Sources */ = {isa = PBXBuildFile; fileRef = DC0B947029B0F8D300D3FB2B /* ListStepsCheckMark.swift */; };
		DCF330B129B20EF8008E6019 /* NoteVM.swift in Sources */ = {isa = PBXBuildFile; fileRef = DC853DD32965535000FB1F30 /* NoteVM.swift */; };
		DCF330B229B20EF8008E6019 /* NoteVM.swift in Sources */ = {isa = PBXBuildFile; fileRef = DC853DD32965535000FB1F30 /* NoteVM.swift */; };
		DCF330B329B20F00008E6019 /* SelectBarView.swift in Sources */ = {isa = PBXBuildFile; fileRef = DCCC9D7D296725A800B79F5E /* SelectBarView.swift */; };
		DCF330B429B20F01008E6019 /* SelectBarView.swift in Sources */ = {isa = PBXBuildFile; fileRef = DCCC9D7D296725A800B79F5E /* SelectBarView.swift */; };
		DCF330B529B21145008E6019 /* ToDo_list.xcdatamodeld in Sources */ = {isa = PBXBuildFile; fileRef = DCF88BAB29648F6C0032292B /* ToDo_list.xcdatamodeld */; };
		DCF330B629B21145008E6019 /* ToDo_list.xcdatamodeld in Sources */ = {isa = PBXBuildFile; fileRef = DCF88BAB29648F6C0032292B /* ToDo_list.xcdatamodeld */; };
		DCF330B729B21164008E6019 /* ToDo_listApp.swift in Sources */ = {isa = PBXBuildFile; fileRef = DCF88BA029648F6C0032292B /* ToDo_listApp.swift */; };
		DCF330B829B21164008E6019 /* ToDo_listApp.swift in Sources */ = {isa = PBXBuildFile; fileRef = DCF88BA029648F6C0032292B /* ToDo_listApp.swift */; };
		DCF88BA129648F6C0032292B /* ToDo_listApp.swift in Sources */ = {isa = PBXBuildFile; fileRef = DCF88BA029648F6C0032292B /* ToDo_listApp.swift */; };
		DCF88BA329648F6C0032292B /* ListCardsView.swift in Sources */ = {isa = PBXBuildFile; fileRef = DCF88BA229648F6C0032292B /* ListCardsView.swift */; };
		DCF88BA529648F6C0032292B /* Assets.xcassets in Resources */ = {isa = PBXBuildFile; fileRef = DCF88BA429648F6C0032292B /* Assets.xcassets */; };
		DCF88BA829648F6C0032292B /* Preview Assets.xcassets in Resources */ = {isa = PBXBuildFile; fileRef = DCF88BA729648F6C0032292B /* Preview Assets.xcassets */; };
		DCF88BAA29648F6C0032292B /* Persistence.swift in Sources */ = {isa = PBXBuildFile; fileRef = DCF88BA929648F6C0032292B /* Persistence.swift */; };
		DCF88BAD29648F6C0032292B /* ToDo_list.xcdatamodeld in Sources */ = {isa = PBXBuildFile; fileRef = DCF88BAB29648F6C0032292B /* ToDo_list.xcdatamodeld */; };
		DCF88BB42964A0010032292B /* DetailNote.swift in Sources */ = {isa = PBXBuildFile; fileRef = DCF88BB32964A0010032292B /* DetailNote.swift */; };
/* End PBXBuildFile section */

/* Begin PBXContainerItemProxy section */
		DC112A6E29AFAEF1004FD498 /* PBXContainerItemProxy */ = {
			isa = PBXContainerItemProxy;
			containerPortal = DCF88B9529648F6C0032292B /* Project object */;
			proxyType = 1;
			remoteGlobalIDString = DCF88B9C29648F6C0032292B;
			remoteInfo = "ToDo-list";
		};
		DC112A7D29AFAF05004FD498 /* PBXContainerItemProxy */ = {
			isa = PBXContainerItemProxy;
			containerPortal = DCF88B9529648F6C0032292B /* Project object */;
			proxyType = 1;
			remoteGlobalIDString = DCF88B9C29648F6C0032292B;
			remoteInfo = "ToDo-list";
		};
/* End PBXContainerItemProxy section */

/* Begin PBXFileReference section */
		DC0B947029B0F8D300D3FB2B /* ListStepsCheckMark.swift */ = {isa = PBXFileReference; lastKnownFileType = sourcecode.swift; path = ListStepsCheckMark.swift; sourceTree = "<group>"; };
		DC112A6A29AFAEF1004FD498 /* ToDo-listTestsUnits.xctest */ = {isa = PBXFileReference; explicitFileType = wrapper.cfbundle; includeInIndex = 0; path = "ToDo-listTestsUnits.xctest"; sourceTree = BUILT_PRODUCTS_DIR; };
		DC112A6C29AFAEF1004FD498 /* ToDo_listTestsUnits.swift */ = {isa = PBXFileReference; lastKnownFileType = sourcecode.swift; path = ToDo_listTestsUnits.swift; sourceTree = "<group>"; };
		DC112A7729AFAF05004FD498 /* ToDo-listUITests.xctest */ = {isa = PBXFileReference; explicitFileType = wrapper.cfbundle; includeInIndex = 0; path = "ToDo-listUITests.xctest"; sourceTree = BUILT_PRODUCTS_DIR; };
		DC112A7929AFAF05004FD498 /* ToDo_listUITests.swift */ = {isa = PBXFileReference; lastKnownFileType = sourcecode.swift; path = ToDo_listUITests.swift; sourceTree = "<group>"; };
		DC112A7B29AFAF05004FD498 /* ToDo_listUITestsLaunchTests.swift */ = {isa = PBXFileReference; lastKnownFileType = sourcecode.swift; path = ToDo_listUITestsLaunchTests.swift; sourceTree = "<group>"; };
		DC853DD0296552D000FB1F30 /* AddNoteView.swift */ = {isa = PBXFileReference; lastKnownFileType = sourcecode.swift; path = AddNoteView.swift; sourceTree = "<group>"; };
		DC853DD32965535000FB1F30 /* NoteVM.swift */ = {isa = PBXFileReference; lastKnownFileType = sourcecode.swift; path = NoteVM.swift; sourceTree = "<group>"; };
		DC853DD82965C11200FB1F30 /* NotificationManager.swift */ = {isa = PBXFileReference; lastKnownFileType = sourcecode.swift; path = NotificationManager.swift; sourceTree = "<group>"; };
		DC853DDA2965C14200FB1F30 /* NotificationHelper.swift */ = {isa = PBXFileReference; lastKnownFileType = sourcecode.swift; path = NotificationHelper.swift; sourceTree = "<group>"; };
		DC853DDC2965CE7300FB1F30 /* ModifyView.swift */ = {isa = PBXFileReference; lastKnownFileType = sourcecode.swift; path = ModifyView.swift; sourceTree = "<group>"; };
		DCCC9D7D296725A800B79F5E /* SelectBarView.swift */ = {isa = PBXFileReference; lastKnownFileType = sourcecode.swift; path = SelectBarView.swift; sourceTree = "<group>"; };
		DCCC9D8129672F9F00B79F5E /* ButtonAdd.swift */ = {isa = PBXFileReference; lastKnownFileType = sourcecode.swift; path = ButtonAdd.swift; sourceTree = "<group>"; };
		DCCC9D832967304700B79F5E /* BarTitleView.swift */ = {isa = PBXFileReference; lastKnownFileType = sourcecode.swift; path = BarTitleView.swift; sourceTree = "<group>"; };
		DCCC9D852967323000B79F5E /* CardsView.swift */ = {isa = PBXFileReference; lastKnownFileType = sourcecode.swift; path = CardsView.swift; sourceTree = "<group>"; };
		DCCC9D872967346300B79F5E /* ListView.swift */ = {isa = PBXFileReference; lastKnownFileType = sourcecode.swift; path = ListView.swift; sourceTree = "<group>"; };
		DCF3306E29B20B5D008E6019 /* TestPlan.xctestplan */ = {isa = PBXFileReference; lastKnownFileType = text; path = TestPlan.xctestplan; sourceTree = "<group>"; };
		DCF88B9D29648F6C0032292B /* ToDo-list.app */ = {isa = PBXFileReference; explicitFileType = wrapper.application; includeInIndex = 0; path = "ToDo-list.app"; sourceTree = BUILT_PRODUCTS_DIR; };
		DCF88BA029648F6C0032292B /* ToDo_listApp.swift */ = {isa = PBXFileReference; lastKnownFileType = sourcecode.swift; path = ToDo_listApp.swift; sourceTree = "<group>"; };
		DCF88BA229648F6C0032292B /* ListCardsView.swift */ = {isa = PBXFileReference; lastKnownFileType = sourcecode.swift; path = ListCardsView.swift; sourceTree = "<group>"; };
		DCF88BA429648F6C0032292B /* Assets.xcassets */ = {isa = PBXFileReference; lastKnownFileType = folder.assetcatalog; path = Assets.xcassets; sourceTree = "<group>"; };
		DCF88BA729648F6C0032292B /* Preview Assets.xcassets */ = {isa = PBXFileReference; lastKnownFileType = folder.assetcatalog; path = "Preview Assets.xcassets"; sourceTree = "<group>"; };
		DCF88BA929648F6C0032292B /* Persistence.swift */ = {isa = PBXFileReference; lastKnownFileType = sourcecode.swift; path = Persistence.swift; sourceTree = "<group>"; };
		DCF88BAC29648F6C0032292B /* ToDo_list.xcdatamodel */ = {isa = PBXFileReference; lastKnownFileType = wrapper.xcdatamodel; path = ToDo_list.xcdatamodel; sourceTree = "<group>"; };
		DCF88BB32964A0010032292B /* DetailNote.swift */ = {isa = PBXFileReference; lastKnownFileType = sourcecode.swift; path = DetailNote.swift; sourceTree = "<group>"; };
/* End PBXFileReference section */

/* Begin PBXFrameworksBuildPhase section */
		DC112A6729AFAEF1004FD498 /* Frameworks */ = {
			isa = PBXFrameworksBuildPhase;
			buildActionMask = 2147483647;
			files = (
			);
			runOnlyForDeploymentPostprocessing = 0;
		};
		DC112A7429AFAF05004FD498 /* Frameworks */ = {
			isa = PBXFrameworksBuildPhase;
			buildActionMask = 2147483647;
			files = (
			);
			runOnlyForDeploymentPostprocessing = 0;
		};
		DCF88B9A29648F6C0032292B /* Frameworks */ = {
			isa = PBXFrameworksBuildPhase;
			buildActionMask = 2147483647;
			files = (
			);
			runOnlyForDeploymentPostprocessing = 0;
		};
/* End PBXFrameworksBuildPhase section */

/* Begin PBXGroup section */
		DC112A6B29AFAEF1004FD498 /* ToDo-listTestsUnits */ = {
			isa = PBXGroup;
			children = (
				DC112A6C29AFAEF1004FD498 /* ToDo_listTestsUnits.swift */,
			);
			path = "ToDo-listTestsUnits";
			sourceTree = "<group>";
		};
		DC112A7829AFAF05004FD498 /* ToDo-listUITests */ = {
			isa = PBXGroup;
			children = (
				DC112A7929AFAF05004FD498 /* ToDo_listUITests.swift */,
				DC112A7B29AFAF05004FD498 /* ToDo_listUITestsLaunchTests.swift */,
			);
			path = "ToDo-listUITests";
			sourceTree = "<group>";
		};
		DC853DCF296551EE00FB1F30 /* Views */ = {
			isa = PBXGroup;
			children = (
				DCF88BA229648F6C0032292B /* ListCardsView.swift */,
				DCCC9D8029672F8000B79F5E /* Components */,
				DCCC9D7F296725AD00B79F5E /* TabBar */,
				DCF88BB32964A0010032292B /* DetailNote.swift */,
				DC853DD0296552D000FB1F30 /* AddNoteView.swift */,
				DC853DDC2965CE7300FB1F30 /* ModifyView.swift */,
			);
			path = Views;
			sourceTree = "<group>";
		};
		DC853DD2296552DB00FB1F30 /* ViewModel */ = {
			isa = PBXGroup;
			children = (
				DC853DD32965535000FB1F30 /* NoteVM.swift */,
				DC0B947029B0F8D300D3FB2B /* ListStepsCheckMark.swift */,
				DC853DD82965C11200FB1F30 /* NotificationManager.swift */,
				DC853DDA2965C14200FB1F30 /* NotificationHelper.swift */,
			);
			path = ViewModel;
			sourceTree = "<group>";
		};
		DCCC9D7F296725AD00B79F5E /* TabBar */ = {
			isa = PBXGroup;
			children = (
				DCCC9D7D296725A800B79F5E /* SelectBarView.swift */,
			);
			path = TabBar;
			sourceTree = "<group>";
		};
		DCCC9D8029672F8000B79F5E /* Components */ = {
			isa = PBXGroup;
			children = (
				DCCC9D8129672F9F00B79F5E /* ButtonAdd.swift */,
				DCCC9D832967304700B79F5E /* BarTitleView.swift */,
				DCCC9D852967323000B79F5E /* CardsView.swift */,
				DCCC9D872967346300B79F5E /* ListView.swift */,
			);
			path = Components;
			sourceTree = "<group>";
		};
		DCF88B9429648F6C0032292B = {
			isa = PBXGroup;
			children = (
				DCF3306E29B20B5D008E6019 /* TestPlan.xctestplan */,
				DCF88B9F29648F6C0032292B /* ToDo-list */,
				DC112A6B29AFAEF1004FD498 /* ToDo-listTestsUnits */,
				DC112A7829AFAF05004FD498 /* ToDo-listUITests */,
				DCF88B9E29648F6C0032292B /* Products */,
			);
			sourceTree = "<group>";
		};
		DCF88B9E29648F6C0032292B /* Products */ = {
			isa = PBXGroup;
			children = (
				DCF88B9D29648F6C0032292B /* ToDo-list.app */,
				DC112A6A29AFAEF1004FD498 /* ToDo-listTestsUnits.xctest */,
				DC112A7729AFAF05004FD498 /* ToDo-listUITests.xctest */,
			);
			name = Products;
			sourceTree = "<group>";
		};
		DCF88B9F29648F6C0032292B /* ToDo-list */ = {
			isa = PBXGroup;
			children = (
				DCF88BA029648F6C0032292B /* ToDo_listApp.swift */,
				DC853DCF296551EE00FB1F30 /* Views */,
				DC853DD2296552DB00FB1F30 /* ViewModel */,
				DCF88BA429648F6C0032292B /* Assets.xcassets */,
				DCF88BA929648F6C0032292B /* Persistence.swift */,
				DCF88BAB29648F6C0032292B /* ToDo_list.xcdatamodeld */,
				DCF88BA629648F6C0032292B /* Preview Content */,
			);
			path = "ToDo-list";
			sourceTree = "<group>";
		};
		DCF88BA629648F6C0032292B /* Preview Content */ = {
			isa = PBXGroup;
			children = (
				DCF88BA729648F6C0032292B /* Preview Assets.xcassets */,
			);
			path = "Preview Content";
			sourceTree = "<group>";
		};
/* End PBXGroup section */

/* Begin PBXNativeTarget section */
		DC112A6929AFAEF1004FD498 /* ToDo-listTestsUnits */ = {
			isa = PBXNativeTarget;
			buildConfigurationList = DC112A7029AFAEF1004FD498 /* Build configuration list for PBXNativeTarget "ToDo-listTestsUnits" */;
			buildPhases = (
				DC112A6629AFAEF1004FD498 /* Sources */,
				DC112A6729AFAEF1004FD498 /* Frameworks */,
				DC112A6829AFAEF1004FD498 /* Resources */,
			);
			buildRules = (
			);
			dependencies = (
				DC112A6F29AFAEF1004FD498 /* PBXTargetDependency */,
			);
			name = "ToDo-listTestsUnits";
			productName = "ToDo-listTestsUnits";
			productReference = DC112A6A29AFAEF1004FD498 /* ToDo-listTestsUnits.xctest */;
			productType = "com.apple.product-type.bundle.unit-test";
		};
		DC112A7629AFAF05004FD498 /* ToDo-listUITests */ = {
			isa = PBXNativeTarget;
			buildConfigurationList = DC112A7F29AFAF05004FD498 /* Build configuration list for PBXNativeTarget "ToDo-listUITests" */;
			buildPhases = (
				DC112A7329AFAF05004FD498 /* Sources */,
				DC112A7429AFAF05004FD498 /* Frameworks */,
				DC112A7529AFAF05004FD498 /* Resources */,
			);
			buildRules = (
			);
			dependencies = (
				DC112A7E29AFAF05004FD498 /* PBXTargetDependency */,
			);
			name = "ToDo-listUITests";
			productName = "ToDo-listUITests";
			productReference = DC112A7729AFAF05004FD498 /* ToDo-listUITests.xctest */;
			productType = "com.apple.product-type.bundle.ui-testing";
		};
		DCF88B9C29648F6C0032292B /* ToDo-list */ = {
			isa = PBXNativeTarget;
			buildConfigurationList = DCF88BB029648F6C0032292B /* Build configuration list for PBXNativeTarget "ToDo-list" */;
			buildPhases = (
				DCF88B9929648F6C0032292B /* Sources */,
				DCF88B9A29648F6C0032292B /* Frameworks */,
				DCF88B9B29648F6C0032292B /* Resources */,
			);
			buildRules = (
			);
			dependencies = (
			);
			name = "ToDo-list";
			productName = "ToDo-list";
			productReference = DCF88B9D29648F6C0032292B /* ToDo-list.app */;
			productType = "com.apple.product-type.application";
		};
/* End PBXNativeTarget section */

/* Begin PBXProject section */
		DCF88B9529648F6C0032292B /* Project object */ = {
			isa = PBXProject;
			attributes = {
				BuildIndependentTargetsInParallel = 1;
				LastSwiftUpdateCheck = 1420;
				LastUpgradeCheck = 1400;
				TargetAttributes = {
					DC112A6929AFAEF1004FD498 = {
						CreatedOnToolsVersion = 14.2;
						TestTargetID = DCF88B9C29648F6C0032292B;
					};
					DC112A7629AFAF05004FD498 = {
						CreatedOnToolsVersion = 14.2;
						TestTargetID = DCF88B9C29648F6C0032292B;
					};
					DCF88B9C29648F6C0032292B = {
						CreatedOnToolsVersion = 14.0.1;
					};
				};
			};
			buildConfigurationList = DCF88B9829648F6C0032292B /* Build configuration list for PBXProject "ToDo-list" */;
			compatibilityVersion = "Xcode 14.0";
			developmentRegion = en;
			hasScannedForEncodings = 0;
			knownRegions = (
				en,
				Base,
			);
			mainGroup = DCF88B9429648F6C0032292B;
			productRefGroup = DCF88B9E29648F6C0032292B /* Products */;
			projectDirPath = "";
			projectRoot = "";
			targets = (
				DCF88B9C29648F6C0032292B /* ToDo-list */,
				DC112A6929AFAEF1004FD498 /* ToDo-listTestsUnits */,
				DC112A7629AFAF05004FD498 /* ToDo-listUITests */,
			);
		};
/* End PBXProject section */

/* Begin PBXResourcesBuildPhase section */
		DC112A6829AFAEF1004FD498 /* Resources */ = {
			isa = PBXResourcesBuildPhase;
			buildActionMask = 2147483647;
			files = (
			);
			runOnlyForDeploymentPostprocessing = 0;
		};
		DC112A7529AFAF05004FD498 /* Resources */ = {
			isa = PBXResourcesBuildPhase;
			buildActionMask = 2147483647;
			files = (
			);
			runOnlyForDeploymentPostprocessing = 0;
		};
		DCF88B9B29648F6C0032292B /* Resources */ = {
			isa = PBXResourcesBuildPhase;
			buildActionMask = 2147483647;
			files = (
				DCF88BA829648F6C0032292B /* Preview Assets.xcassets in Resources */,
				DCF88BA529648F6C0032292B /* Assets.xcassets in Resources */,
			);
			runOnlyForDeploymentPostprocessing = 0;
		};
/* End PBXResourcesBuildPhase section */

/* Begin PBXSourcesBuildPhase section */
		DC112A6629AFAEF1004FD498 /* Sources */ = {
			isa = PBXSourcesBuildPhase;
			buildActionMask = 2147483647;
			files = (
				DCF3306C29B20891008E6019 /* ModifyView.swift in Sources */,
				DCF3306429B20840008E6019 /* CardsView.swift in Sources */,
				DC8A242229B21D4300F5DF52 /* Persistence.swift in Sources */,
				DCF330B129B20EF8008E6019 /* NoteVM.swift in Sources */,
				DCF330B329B20F00008E6019 /* SelectBarView.swift in Sources */,
				DCF3306229B20839008E6019 /* ButtonAdd.swift in Sources */,
				DC112A6D29AFAEF1004FD498 /* ToDo_listTestsUnits.swift in Sources */,
				DCF330AB29B20EEE008E6019 /* NotificationManager.swift in Sources */,
				DCF3306629B20844008E6019 /* ListView.swift in Sources */,
				DCF330AD29B20EF1008E6019 /* NotificationHelper.swift in Sources */,
				DCF3306829B20849008E6019 /* DetailNote.swift in Sources */,
				DC0B947229B119F000D3FB2B /* BarTitleView.swift in Sources */,
				DCF3306A29B20853008E6019 /* AddNoteView.swift in Sources */,
				DCF3305E29B2081E008E6019 /* ListCardsView.swift in Sources */,
				DCF330AF29B20EF5008E6019 /* ListStepsCheckMark.swift in Sources */,
				DCF330B529B21145008E6019 /* ToDo_list.xcdatamodeld in Sources */,
				DCF330B829B21164008E6019 /* ToDo_listApp.swift in Sources */,
			);
			runOnlyForDeploymentPostprocessing = 0;
		};
		DC112A7329AFAF05004FD498 /* Sources */ = {
			isa = PBXSourcesBuildPhase;
			buildActionMask = 2147483647;
			files = (
				DCF3306729B20845008E6019 /* ListView.swift in Sources */,
				DCF3306529B20840008E6019 /* CardsView.swift in Sources */,
				DC112A7C29AFAF05004FD498 /* ToDo_listUITestsLaunchTests.swift in Sources */,
				DCF3306329B2083A008E6019 /* ButtonAdd.swift in Sources */,
				DCF330B729B21164008E6019 /* ToDo_listApp.swift in Sources */,
				DCF3306D29B20892008E6019 /* ModifyView.swift in Sources */,
				DCF330B029B20EF5008E6019 /* ListStepsCheckMark.swift in Sources */,
				DCF3306B29B20854008E6019 /* AddNoteView.swift in Sources */,
				DCF330B229B20EF8008E6019 /* NoteVM.swift in Sources */,
				DC8A242329B21D4400F5DF52 /* Persistence.swift in Sources */,
				DCF330AE29B20EF2008E6019 /* NotificationHelper.swift in Sources */,
				DCF330AC29B20EEF008E6019 /* NotificationManager.swift in Sources */,
				DC112A7A29AFAF05004FD498 /* ToDo_listUITests.swift in Sources */,
				DCF330B629B21145008E6019 /* ToDo_list.xcdatamodeld in Sources */,
				DCF3306929B20849008E6019 /* DetailNote.swift in Sources */,
				DCF3305F29B2081F008E6019 /* ListCardsView.swift in Sources */,
				DCF330B429B20F01008E6019 /* SelectBarView.swift in Sources */,
				DC0B947329B119F100D3FB2B /* BarTitleView.swift in Sources */,
			);
			runOnlyForDeploymentPostprocessing = 0;
		};
		DCF88B9929648F6C0032292B /* Sources */ = {
			isa = PBXSourcesBuildPhase;
			buildActionMask = 2147483647;
			files = (
				DCCC9D842967304700B79F5E /* BarTitleView.swift in Sources */,
				DCCC9D882967346300B79F5E /* ListView.swift in Sources */,
				DC853DD1296552D000FB1F30 /* AddNoteView.swift in Sources */,
				DCF88BB42964A0010032292B /* DetailNote.swift in Sources */,
				DC853DD92965C11200FB1F30 /* NotificationManager.swift in Sources */,
				DC853DDD2965CE7300FB1F30 /* ModifyView.swift in Sources */,
				DC853DD42965535000FB1F30 /* NoteVM.swift in Sources */,
				DC0B947129B0F8D300D3FB2B /* ListStepsCheckMark.swift in Sources */,
				DCF88BAA29648F6C0032292B /* Persistence.swift in Sources */,
				DC853DDB2965C14200FB1F30 /* NotificationHelper.swift in Sources */,
				DCCC9D862967323000B79F5E /* CardsView.swift in Sources */,
				DCF88BA329648F6C0032292B /* ListCardsView.swift in Sources */,
				DCF88BA129648F6C0032292B /* ToDo_listApp.swift in Sources */,
				DCCC9D7E296725A800B79F5E /* SelectBarView.swift in Sources */,
				DCF88BAD29648F6C0032292B /* ToDo_list.xcdatamodeld in Sources */,
				DCCC9D8229672F9F00B79F5E /* ButtonAdd.swift in Sources */,
			);
			runOnlyForDeploymentPostprocessing = 0;
		};
/* End PBXSourcesBuildPhase section */

/* Begin PBXTargetDependency section */
		DC112A6F29AFAEF1004FD498 /* PBXTargetDependency */ = {
			isa = PBXTargetDependency;
			target = DCF88B9C29648F6C0032292B /* ToDo-list */;
			targetProxy = DC112A6E29AFAEF1004FD498 /* PBXContainerItemProxy */;
		};
		DC112A7E29AFAF05004FD498 /* PBXTargetDependency */ = {
			isa = PBXTargetDependency;
			target = DCF88B9C29648F6C0032292B /* ToDo-list */;
			targetProxy = DC112A7D29AFAF05004FD498 /* PBXContainerItemProxy */;
		};
/* End PBXTargetDependency section */

/* Begin XCBuildConfiguration section */
		DC112A7129AFAEF1004FD498 /* Debug */ = {
			isa = XCBuildConfiguration;
			buildSettings = {
				BUNDLE_LOADER = "$(TEST_HOST)";
				CODE_SIGN_STYLE = Automatic;
				CURRENT_PROJECT_VERSION = 1;
				DEVELOPMENT_TEAM = T8P6LHC8JH;
				GENERATE_INFOPLIST_FILE = YES;
				IPHONEOS_DEPLOYMENT_TARGET = 16.2;
				MACOSX_DEPLOYMENT_TARGET = 13.1;
				MARKETING_VERSION = 1.0;
				PRODUCT_BUNDLE_IDENTIFIER = "none.ToDo-listTestsUnits";
				PRODUCT_NAME = "$(TARGET_NAME)";
				SDKROOT = auto;
				SUPPORTED_PLATFORMS = "iphoneos iphonesimulator macosx";
				SWIFT_EMIT_LOC_STRINGS = NO;
				SWIFT_VERSION = 5.0;
				TARGETED_DEVICE_FAMILY = "1,2";
				TEST_HOST = "$(BUILT_PRODUCTS_DIR)/ToDo-list.app/$(BUNDLE_EXECUTABLE_FOLDER_PATH)/ToDo-list";
			};
			name = Debug;
		};
		DC112A7229AFAEF1004FD498 /* Release */ = {
			isa = XCBuildConfiguration;
			buildSettings = {
				BUNDLE_LOADER = "$(TEST_HOST)";
				CODE_SIGN_STYLE = Automatic;
				CURRENT_PROJECT_VERSION = 1;
				DEVELOPMENT_TEAM = T8P6LHC8JH;
				GENERATE_INFOPLIST_FILE = YES;
				IPHONEOS_DEPLOYMENT_TARGET = 16.2;
				MACOSX_DEPLOYMENT_TARGET = 13.1;
				MARKETING_VERSION = 1.0;
				PRODUCT_BUNDLE_IDENTIFIER = "none.ToDo-listTestsUnits";
				PRODUCT_NAME = "$(TARGET_NAME)";
				SDKROOT = auto;
				SUPPORTED_PLATFORMS = "iphoneos iphonesimulator macosx";
				SWIFT_EMIT_LOC_STRINGS = NO;
				SWIFT_VERSION = 5.0;
				TARGETED_DEVICE_FAMILY = "1,2";
				TEST_HOST = "$(BUILT_PRODUCTS_DIR)/ToDo-list.app/$(BUNDLE_EXECUTABLE_FOLDER_PATH)/ToDo-list";
			};
			name = Release;
		};
		DC112A8029AFAF05004FD498 /* Debug */ = {
			isa = XCBuildConfiguration;
			buildSettings = {
				CODE_SIGN_STYLE = Automatic;
				CURRENT_PROJECT_VERSION = 1;
				DEVELOPMENT_TEAM = T8P6LHC8JH;
				GENERATE_INFOPLIST_FILE = YES;
				IPHONEOS_DEPLOYMENT_TARGET = 16.2;
				MARKETING_VERSION = 1.0;
				PRODUCT_BUNDLE_IDENTIFIER = "none.ToDo-listUITests";
				PRODUCT_NAME = "$(TARGET_NAME)";
				SWIFT_EMIT_LOC_STRINGS = NO;
				SWIFT_VERSION = 5.0;
				TARGETED_DEVICE_FAMILY = "1,2";
				TEST_TARGET_NAME = "ToDo-list";
			};
			name = Debug;
		};
		DC112A8129AFAF05004FD498 /* Release */ = {
			isa = XCBuildConfiguration;
			buildSettings = {
				CODE_SIGN_STYLE = Automatic;
				CURRENT_PROJECT_VERSION = 1;
				DEVELOPMENT_TEAM = T8P6LHC8JH;
				GENERATE_INFOPLIST_FILE = YES;
				IPHONEOS_DEPLOYMENT_TARGET = 16.2;
				MARKETING_VERSION = 1.0;
				PRODUCT_BUNDLE_IDENTIFIER = "none.ToDo-listUITests";
				PRODUCT_NAME = "$(TARGET_NAME)";
				SWIFT_EMIT_LOC_STRINGS = NO;
				SWIFT_VERSION = 5.0;
				TARGETED_DEVICE_FAMILY = "1,2";
				TEST_TARGET_NAME = "ToDo-list";
			};
			name = Release;
		};
		DCF88BAE29648F6C0032292B /* Debug */ = {
			isa = XCBuildConfiguration;
			buildSettings = {
				ALWAYS_SEARCH_USER_PATHS = NO;
				CLANG_ANALYZER_NONNULL = YES;
				CLANG_ANALYZER_NUMBER_OBJECT_CONVERSION = YES_AGGRESSIVE;
				CLANG_CXX_LANGUAGE_STANDARD = "gnu++20";
				CLANG_ENABLE_MODULES = YES;
				CLANG_ENABLE_OBJC_ARC = YES;
				CLANG_ENABLE_OBJC_WEAK = YES;
				CLANG_WARN_BLOCK_CAPTURE_AUTORELEASING = YES;
				CLANG_WARN_BOOL_CONVERSION = YES;
				CLANG_WARN_COMMA = YES;
				CLANG_WARN_CONSTANT_CONVERSION = YES;
				CLANG_WARN_DEPRECATED_OBJC_IMPLEMENTATIONS = YES;
				CLANG_WARN_DIRECT_OBJC_ISA_USAGE = YES_ERROR;
				CLANG_WARN_DOCUMENTATION_COMMENTS = YES;
				CLANG_WARN_EMPTY_BODY = YES;
				CLANG_WARN_ENUM_CONVERSION = YES;
				CLANG_WARN_INFINITE_RECURSION = YES;
				CLANG_WARN_INT_CONVERSION = YES;
				CLANG_WARN_NON_LITERAL_NULL_CONVERSION = YES;
				CLANG_WARN_OBJC_IMPLICIT_RETAIN_SELF = YES;
				CLANG_WARN_OBJC_LITERAL_CONVERSION = YES;
				CLANG_WARN_OBJC_ROOT_CLASS = YES_ERROR;
				CLANG_WARN_QUOTED_INCLUDE_IN_FRAMEWORK_HEADER = YES;
				CLANG_WARN_RANGE_LOOP_ANALYSIS = YES;
				CLANG_WARN_STRICT_PROTOTYPES = YES;
				CLANG_WARN_SUSPICIOUS_MOVE = YES;
				CLANG_WARN_UNGUARDED_AVAILABILITY = YES_AGGRESSIVE;
				CLANG_WARN_UNREACHABLE_CODE = YES;
				CLANG_WARN__DUPLICATE_METHOD_MATCH = YES;
				COPY_PHASE_STRIP = NO;
				DEBUG_INFORMATION_FORMAT = dwarf;
				ENABLE_STRICT_OBJC_MSGSEND = YES;
				ENABLE_TESTABILITY = YES;
				GCC_C_LANGUAGE_STANDARD = gnu11;
				GCC_DYNAMIC_NO_PIC = NO;
				GCC_NO_COMMON_BLOCKS = YES;
				GCC_OPTIMIZATION_LEVEL = 0;
				GCC_PREPROCESSOR_DEFINITIONS = (
					"DEBUG=1",
					"$(inherited)",
				);
				GCC_WARN_64_TO_32_BIT_CONVERSION = YES;
				GCC_WARN_ABOUT_RETURN_TYPE = YES_ERROR;
				GCC_WARN_UNDECLARED_SELECTOR = YES;
				GCC_WARN_UNINITIALIZED_AUTOS = YES_AGGRESSIVE;
				GCC_WARN_UNUSED_FUNCTION = YES;
				GCC_WARN_UNUSED_VARIABLE = YES;
				IPHONEOS_DEPLOYMENT_TARGET = 16.0;
				MTL_ENABLE_DEBUG_INFO = INCLUDE_SOURCE;
				MTL_FAST_MATH = YES;
				ONLY_ACTIVE_ARCH = YES;
				SDKROOT = iphoneos;
				SWIFT_ACTIVE_COMPILATION_CONDITIONS = DEBUG;
				SWIFT_OPTIMIZATION_LEVEL = "-Onone";
			};
			name = Debug;
		};
		DCF88BAF29648F6C0032292B /* Release */ = {
			isa = XCBuildConfiguration;
			buildSettings = {
				ALWAYS_SEARCH_USER_PATHS = NO;
				CLANG_ANALYZER_NONNULL = YES;
				CLANG_ANALYZER_NUMBER_OBJECT_CONVERSION = YES_AGGRESSIVE;
				CLANG_CXX_LANGUAGE_STANDARD = "gnu++20";
				CLANG_ENABLE_MODULES = YES;
				CLANG_ENABLE_OBJC_ARC = YES;
				CLANG_ENABLE_OBJC_WEAK = YES;
				CLANG_WARN_BLOCK_CAPTURE_AUTORELEASING = YES;
				CLANG_WARN_BOOL_CONVERSION = YES;
				CLANG_WARN_COMMA = YES;
				CLANG_WARN_CONSTANT_CONVERSION = YES;
				CLANG_WARN_DEPRECATED_OBJC_IMPLEMENTATIONS = YES;
				CLANG_WARN_DIRECT_OBJC_ISA_USAGE = YES_ERROR;
				CLANG_WARN_DOCUMENTATION_COMMENTS = YES;
				CLANG_WARN_EMPTY_BODY = YES;
				CLANG_WARN_ENUM_CONVERSION = YES;
				CLANG_WARN_INFINITE_RECURSION = YES;
				CLANG_WARN_INT_CONVERSION = YES;
				CLANG_WARN_NON_LITERAL_NULL_CONVERSION = YES;
				CLANG_WARN_OBJC_IMPLICIT_RETAIN_SELF = YES;
				CLANG_WARN_OBJC_LITERAL_CONVERSION = YES;
				CLANG_WARN_OBJC_ROOT_CLASS = YES_ERROR;
				CLANG_WARN_QUOTED_INCLUDE_IN_FRAMEWORK_HEADER = YES;
				CLANG_WARN_RANGE_LOOP_ANALYSIS = YES;
				CLANG_WARN_STRICT_PROTOTYPES = YES;
				CLANG_WARN_SUSPICIOUS_MOVE = YES;
				CLANG_WARN_UNGUARDED_AVAILABILITY = YES_AGGRESSIVE;
				CLANG_WARN_UNREACHABLE_CODE = YES;
				CLANG_WARN__DUPLICATE_METHOD_MATCH = YES;
				COPY_PHASE_STRIP = NO;
				DEBUG_INFORMATION_FORMAT = "dwarf-with-dsym";
				ENABLE_NS_ASSERTIONS = NO;
				ENABLE_STRICT_OBJC_MSGSEND = YES;
				GCC_C_LANGUAGE_STANDARD = gnu11;
				GCC_NO_COMMON_BLOCKS = YES;
				GCC_WARN_64_TO_32_BIT_CONVERSION = YES;
				GCC_WARN_ABOUT_RETURN_TYPE = YES_ERROR;
				GCC_WARN_UNDECLARED_SELECTOR = YES;
				GCC_WARN_UNINITIALIZED_AUTOS = YES_AGGRESSIVE;
				GCC_WARN_UNUSED_FUNCTION = YES;
				GCC_WARN_UNUSED_VARIABLE = YES;
				IPHONEOS_DEPLOYMENT_TARGET = 16.0;
				MTL_ENABLE_DEBUG_INFO = NO;
				MTL_FAST_MATH = YES;
				SDKROOT = iphoneos;
				SWIFT_COMPILATION_MODE = wholemodule;
				SWIFT_OPTIMIZATION_LEVEL = "-O";
				VALIDATE_PRODUCT = YES;
			};
			name = Release;
		};
		DCF88BB129648F6C0032292B /* Debug */ = {
			isa = XCBuildConfiguration;
			buildSettings = {
				ASSETCATALOG_COMPILER_APPICON_NAME = AppIcon;
				ASSETCATALOG_COMPILER_GLOBAL_ACCENT_COLOR_NAME = AccentColor;
				CODE_SIGN_STYLE = Automatic;
				CURRENT_PROJECT_VERSION = 1;
				DEVELOPMENT_ASSET_PATHS = "\"ToDo-list/Preview Content\"";
				DEVELOPMENT_TEAM = T8P6LHC8JH;
				ENABLE_PREVIEWS = YES;
				GENERATE_INFOPLIST_FILE = YES;
				INFOPLIST_KEY_UIApplicationSceneManifest_Generation = YES;
				INFOPLIST_KEY_UIApplicationSupportsIndirectInputEvents = YES;
				INFOPLIST_KEY_UILaunchScreen_Generation = YES;
				INFOPLIST_KEY_UISupportedInterfaceOrientations_iPad = "UIInterfaceOrientationPortrait UIInterfaceOrientationPortraitUpsideDown UIInterfaceOrientationLandscapeLeft UIInterfaceOrientationLandscapeRight";
				INFOPLIST_KEY_UISupportedInterfaceOrientations_iPhone = "UIInterfaceOrientationPortrait UIInterfaceOrientationLandscapeLeft UIInterfaceOrientationLandscapeRight";
				LD_RUNPATH_SEARCH_PATHS = (
					"$(inherited)",
					"@executable_path/Frameworks",
				);
				MARKETING_VERSION = 1.0;
				PRODUCT_BUNDLE_IDENTIFIER = "none.ToDo-list";
				PRODUCT_NAME = "$(TARGET_NAME)";
				SWIFT_EMIT_LOC_STRINGS = YES;
				SWIFT_VERSION = 5.0;
				TARGETED_DEVICE_FAMILY = "1,2";
			};
			name = Debug;
		};
		DCF88BB229648F6C0032292B /* Release */ = {
			isa = XCBuildConfiguration;
			buildSettings = {
				ASSETCATALOG_COMPILER_APPICON_NAME = AppIcon;
				ASSETCATALOG_COMPILER_GLOBAL_ACCENT_COLOR_NAME = AccentColor;
				CODE_SIGN_STYLE = Automatic;
				CURRENT_PROJECT_VERSION = 1;
				DEVELOPMENT_ASSET_PATHS = "\"ToDo-list/Preview Content\"";
				DEVELOPMENT_TEAM = T8P6LHC8JH;
				ENABLE_PREVIEWS = YES;
				GENERATE_INFOPLIST_FILE = YES;
				INFOPLIST_KEY_UIApplicationSceneManifest_Generation = YES;
				INFOPLIST_KEY_UIApplicationSupportsIndirectInputEvents = YES;
				INFOPLIST_KEY_UILaunchScreen_Generation = YES;
				INFOPLIST_KEY_UISupportedInterfaceOrientations_iPad = "UIInterfaceOrientationPortrait UIInterfaceOrientationPortraitUpsideDown UIInterfaceOrientationLandscapeLeft UIInterfaceOrientationLandscapeRight";
				INFOPLIST_KEY_UISupportedInterfaceOrientations_iPhone = "UIInterfaceOrientationPortrait UIInterfaceOrientationLandscapeLeft UIInterfaceOrientationLandscapeRight";
				LD_RUNPATH_SEARCH_PATHS = (
					"$(inherited)",
					"@executable_path/Frameworks",
				);
				MARKETING_VERSION = 1.0;
				PRODUCT_BUNDLE_IDENTIFIER = "none.ToDo-list";
				PRODUCT_NAME = "$(TARGET_NAME)";
				SWIFT_EMIT_LOC_STRINGS = YES;
				SWIFT_VERSION = 5.0;
				TARGETED_DEVICE_FAMILY = "1,2";
			};
			name = Release;
		};
/* End XCBuildConfiguration section */

/* Begin XCConfigurationList section */
		DC112A7029AFAEF1004FD498 /* Build configuration list for PBXNativeTarget "ToDo-listTestsUnits" */ = {
			isa = XCConfigurationList;
			buildConfigurations = (
				DC112A7129AFAEF1004FD498 /* Debug */,
				DC112A7229AFAEF1004FD498 /* Release */,
			);
			defaultConfigurationIsVisible = 0;
			defaultConfigurationName = Release;
		};
		DC112A7F29AFAF05004FD498 /* Build configuration list for PBXNativeTarget "ToDo-listUITests" */ = {
			isa = XCConfigurationList;
			buildConfigurations = (
				DC112A8029AFAF05004FD498 /* Debug */,
				DC112A8129AFAF05004FD498 /* Release */,
			);
			defaultConfigurationIsVisible = 0;
			defaultConfigurationName = Release;
		};
		DCF88B9829648F6C0032292B /* Build configuration list for PBXProject "ToDo-list" */ = {
			isa = XCConfigurationList;
			buildConfigurations = (
				DCF88BAE29648F6C0032292B /* Debug */,
				DCF88BAF29648F6C0032292B /* Release */,
			);
			defaultConfigurationIsVisible = 0;
			defaultConfigurationName = Release;
		};
		DCF88BB029648F6C0032292B /* Build configuration list for PBXNativeTarget "ToDo-list" */ = {
			isa = XCConfigurationList;
			buildConfigurations = (
				DCF88BB129648F6C0032292B /* Debug */,
				DCF88BB229648F6C0032292B /* Release */,
			);
			defaultConfigurationIsVisible = 0;
			defaultConfigurationName = Release;
		};
/* End XCConfigurationList section */

/* Begin XCVersionGroup section */
		DCF88BAB29648F6C0032292B /* ToDo_list.xcdatamodeld */ = {
			isa = XCVersionGroup;
			children = (
				DCF88BAC29648F6C0032292B /* ToDo_list.xcdatamodel */,
			);
			currentVersion = DCF88BAC29648F6C0032292B /* ToDo_list.xcdatamodel */;
			path = ToDo_list.xcdatamodeld;
			sourceTree = "<group>";
			versionGroupType = wrapper.xcdatamodel;
		};
/* End XCVersionGroup section */
	};
	rootObject = DCF88B9529648F6C0032292B /* Project object */;
}
